
Microsoft Visual Studio Solution File, Format Version 12.00
# Visual Studio Version 17
VisualStudioVersion = 17.7.34003.232
MinimumVisualStudioVersion = 10.0.40219.1
Project("{FAE04EC0-301F-11D3-BF4B-00C04F79EFBC}") = "NotifyPropertyChanged", "NotifyPropertyChanged\NotifyPropertyChanged.csproj", "{136A68A5-AEC2-47A8-A7C3-DDB941887244}"
EndProject
Global
	GlobalSection(SolutionConfigurationPlatforms) = preSolution
		Debug|Any CPU = Debug|Any CPU
		Release|Any CPU = Release|Any CPU
	EndGlobalSection
	GlobalSection(ProjectConfigurationPlatforms) = postSolution
		{136A68A5-AEC2-47A8-A7C3-DDB941887244}.Debug|Any CPU.ActiveCfg = Debug|Any CPU
		{136A68A5-AEC2-47A8-A7C3-DDB941887244}.Debug|Any CPU.Build.0 = Debug|Any CPU
		{136A68A5-AEC2-47A8-A7C3-DDB941887244}.Release|Any CPU.ActiveCfg = Release|Any CPU
		{136A68A5-AEC2-47A8-A7C3-DDB941887244}.Release|Any CPU.Build.0 = Release|Any CPU
	EndGlobalSection
	GlobalSection(SolutionProperties) = preSolution
		HideSolutionNode = FALSE
	EndGlobalSection
	GlobalSection(ExtensibilityGlobals) = postSolution
		SolutionGuid = {F28C5DD6-8C82-4E99-ADDE-2784A213AC71}
	EndGlobalSection
EndGlobal
